
Microsoft Visual Studio Solution File, Format Version 12.00
# Visual Studio Version 17
VisualStudioVersion = 17.14.37314.3 d17.14
MinimumVisualStudioVersion = 10.0.40219.1
Project("{FAE04EC0-301F-11D3-BF4B-00C04F79EFBC}") = "HMS", "HMS\HMS.csproj", "{946C78B8-DBF9-405D-9EE8-526C4FFD04FE}"
EndProject
Global
	GlobalSection(SolutionConfigurationPlatforms) = preSolution
		Debug|Any CPU = Debug|Any CPU
		Release|Any CPU = Release|Any CPU
	EndGlobalSection
	GlobalSection(ProjectConfigurationPlatforms) = postSolution
		{946C78B8-DBF9-405D-9EE8-526C4FFD04FE}.Debug|Any CPU.ActiveCfg = Debug|Any CPU
		{946C78B8-DBF9-405D-9EE8-526C4FFD04FE}.Debug|Any CPU.Build.0 = Debug|Any CPU
		{946C78B8-DBF9-405D-9EE8-526C4FFD04FE}.Release|Any CPU.ActiveCfg = Release|Any CPU
		{946C78B8-DBF9-405D-9EE8-526C4FFD04FE}.Release|Any CPU.Build.0 = Release|Any CPU
	EndGlobalSection
	GlobalSection(SolutionProperties) = preSolution
		HideSolutionNode = FALSE
	EndGlobalSection
	GlobalSection(ExtensibilityGlobals) = postSolution
		SolutionGuid = {A5762AD4-8448-4B45-A948-48CB417AC0E2}
	EndGlobalSection
EndGlobal
